
Microsoft Visual Studio Solution File, Format Version 12.00
# Visual Studio Version 16
VisualStudioVersion = 16.0.32602.291
MinimumVisualStudioVersion = 10.0.40219.1
Project("{9A19103F-16F7-4668-BE54-9A1E7A4F7556}") = "CoreProject", "CoreProject\CoreProject.csproj", "{08A6C921-098C-4DAA-B026-309C3731675C}"
EndProject
Project("{9A19103F-16F7-4668-BE54-9A1E7A4F7556}") = "EntityLayer", "EntityLayer\EntityLayer.csproj", "{5A6B7088-D636-4C1F-97EA-7643634B0779}"
EndProject
Project("{9A19103F-16F7-4668-BE54-9A1E7A4F7556}") = "DataAccessLayer", "DataAccessLayer\DataAccessLayer.csproj", "{7E605E18-C580-4333-A41B-B14925BB40F3}"
EndProject
Project("{9A19103F-16F7-4668-BE54-9A1E7A4F7556}") = "BusinessLayer", "BusinessLayer\BusinessLayer.csproj", "{AE5104FB-EB25-4FD7-8427-E39F42525175}"
EndProject
Global
	GlobalSection(SolutionConfigurationPlatforms) = preSolution
		Debug|Any CPU = Debug|Any CPU
		Release|Any CPU = Release|Any CPU
	EndGlobalSection
	GlobalSection(ProjectConfigurationPlatforms) = postSolution
		{08A6C921-098C-4DAA-B026-309C3731675C}.Debug|Any CPU.ActiveCfg = Debug|Any CPU
		{08A6C921-098C-4DAA-B026-309C3731675C}.Debug|Any CPU.Build.0 = Debug|Any CPU
		{08A6C921-098C-4DAA-B026-309C3731675C}.Release|Any CPU.ActiveCfg = Release|Any CPU
		{08A6C921-098C-4DAA-B026-309C3731675C}.Release|Any CPU.Build.0 = Release|Any CPU
		{5A6B7088-D636-4C1F-97EA-7643634B0779}.Debug|Any CPU.ActiveCfg = Debug|Any CPU
		{5A6B7088-D636-4C1F-97EA-7643634B0779}.Debug|Any CPU.Build.0 = Debug|Any CPU
		{5A6B7088-D636-4C1F-97EA-7643634B0779}.Release|Any CPU.ActiveCfg = Release|Any CPU
		{5A6B7088-D636-4C1F-97EA-7643634B0779}.Release|Any CPU.Build.0 = Release|Any CPU
		{7E605E18-C580-4333-A41B-B14925BB40F3}.Debug|Any CPU.ActiveCfg = Debug|Any CPU
		{7E605E18-C580-4333-A41B-B14925BB40F3}.Debug|Any CPU.Build.0 = Debug|Any CPU
		{7E605E18-C580-4333-A41B-B14925BB40F3}.Release|Any CPU.ActiveCfg = Release|Any CPU
		{7E605E18-C580-4333-A41B-B14925BB40F3}.Release|Any CPU.Build.0 = Release|Any CPU
		{AE5104FB-EB25-4FD7-8427-E39F42525175}.Debug|Any CPU.ActiveCfg = Debug|Any CPU
		{AE5104FB-EB25-4FD7-8427-E39F42525175}.Debug|Any CPU.Build.0 = Debug|Any CPU
		{AE5104FB-EB25-4FD7-8427-E39F42525175}.Release|Any CPU.ActiveCfg = Release|Any CPU
		{AE5104FB-EB25-4FD7-8427-E39F42525175}.Release|Any CPU.Build.0 = Release|Any CPU
	EndGlobalSection
	GlobalSection(SolutionProperties) = preSolution
		HideSolutionNode = FALSE
	EndGlobalSection
	GlobalSection(ExtensibilityGlobals) = postSolution
		SolutionGuid = {1ACD6FEC-AD3C-4405-BBE6-8200C23282B0}
	EndGlobalSection
EndGlobal
